
Microsoft Visual Studio Solution File, Format Version 12.00
# Visual Studio Version 17
VisualStudioVersion = 17.3.32929.385
MinimumVisualStudioVersion = 10.0.40219.1
Project("{FAE04EC0-301F-11D3-BF4B-00C04F79EFBC}") = "Ank9_Web", "Ank9_Web\Ank9_Web.csproj", "{30690769-929F-4360-99F7-C855A92019BD}"
EndProject
Project("{FAE04EC0-301F-11D3-BF4B-00C04F79EFBC}") = "Ank9ServerApiModel", "Ank9ServerApiModel\Ank9ServerApiModel.csproj", "{71703AC7-1D80-49BF-B056-2FDCE260ECCE}"
EndProject
Global
	GlobalSection(SolutionConfigurationPlatforms) = preSolution
		Debug|Any CPU = Debug|Any CPU
		Release|Any CPU = Release|Any CPU
	EndGlobalSection
	GlobalSection(ProjectConfigurationPlatforms) = postSolution
		{30690769-929F-4360-99F7-C855A92019BD}.Debug|Any CPU.ActiveCfg = Debug|Any CPU
		{30690769-929F-4360-99F7-C855A92019BD}.Debug|Any CPU.Build.0 = Debug|Any CPU
		{30690769-929F-4360-99F7-C855A92019BD}.Release|Any CPU.ActiveCfg = Release|Any CPU
		{30690769-929F-4360-99F7-C855A92019BD}.Release|Any CPU.Build.0 = Release|Any CPU
		{71703AC7-1D80-49BF-B056-2FDCE260ECCE}.Debug|Any CPU.ActiveCfg = Debug|Any CPU
		{71703AC7-1D80-49BF-B056-2FDCE260ECCE}.Debug|Any CPU.Build.0 = Debug|Any CPU
		{71703AC7-1D80-49BF-B056-2FDCE260ECCE}.Release|Any CPU.ActiveCfg = Release|Any CPU
		{71703AC7-1D80-49BF-B056-2FDCE260ECCE}.Release|Any CPU.Build.0 = Release|Any CPU
	EndGlobalSection
	GlobalSection(SolutionProperties) = preSolution
		HideSolutionNode = FALSE
	EndGlobalSection
	GlobalSection(ExtensibilityGlobals) = postSolution
		SolutionGuid = {D5D65B0A-F016-4CC8-825D-B278D5318775}
	EndGlobalSection
EndGlobal
